<?xml version="1.0" encoding="utf-8"?>
<Project ToolsVersion="4.0" xmlns="http://schemas.microsoft.com/developer/msbuild/2003">
  <ItemGroup>
    <Filter Include="Source Files">
      <UniqueIdentifier>{4FC737F1-C7A5-4376-A066-2A32D752A2FF}</UniqueIdentifier>
      <Extensions>cpp;c;cc;cxx;c++;cppm;ixx;def;odl;idl;hpj;bat;asm;asmx</Extensions>
    </Filter>
    <Filter Include="Company">
      <UniqueIdentifier>{8d420b43-bf56-4d7d-afda-1e4357b76fd9}</UniqueIdentifier>
    </Filter>
    <Filter Include="Data Structures">
      <UniqueIdentifier>{c1807061-c1ac-4dec-bc71-e826a46e37fc}</UniqueIdentifier>
    </Filter>
    <Filter Include="Events">
      <UniqueIdentifier>{b806eb77-ed72-4c3c-9e02-6c098076b04c}</UniqueIdentifier>
    </Filter>
    <Filter Include="Utilities">
      <UniqueIdentifier>{2a0f3055-21ba-4edd-b18b-b69ad893bc86}</UniqueIdentifier>
    </Filter>
  </ItemGroup>
  <ItemGroup>
    <ClInclude Include="LinkedQueue.h">
      <Filter>Data Structures</Filter>
    </ClInclude>
    <ClInclude Include="Node.h">
      <Filter>Data Structures</Filter>
    </ClInclude>
    <ClInclude Include="QueueADT.h">
      <Filter>Data Structures</Filter>
    </ClInclude>
    <ClInclude Include="LinkedList.h">
      <Filter>Data Structures</Filter>
    </ClInclude>
    <ClInclude Include="LinkedPriorityQueue.h">
      <Filter>Data Structures</Filter>
    </ClInclude>
    <ClInclude Include="NormalCargoList.h">
      <Filter>Data Structures</Filter>
    </ClInclude>
    <ClInclude Include="Truck.h">
      <Filter>Company</Filter>
    </ClInclude>
    <ClInclude Include="Company.h">
      <Filter>Company</Filter>
    </ClInclude>
    <ClInclude Include="Cargo.h">
      <Filter>Company</Filter>
    </ClInclude>
    <ClInclude Include="CancellationEvent.h">
      <Filter>Events</Filter>
    </ClInclude>
    <ClInclude Include="Event.h">
      <Filter>Events</Filter>
    </ClInclude>
    <ClInclude Include="PromotionEvent.h">
      <Filter>Events</Filter>
    </ClInclude>
    <ClInclude Include="ReadyEvent.h">
      <Filter>Events</Filter>
    </ClInclude>
    <ClInclude Include="Time.h">
      <Filter>Utilities</Filter>
    </ClInclude>
    <ClInclude Include="UI.h">
      <Filter>Utilities</Filter>
    </ClInclude>
  </ItemGroup>
  <ItemGroup>
    <ClCompile Include="NormalCargoList.cpp">
      <Filter>Data Structures</Filter>
    </ClCompile>
    <ClCompile Include="Cargo.cpp">
      <Filter>Company</Filter>
    </ClCompile>
    <ClCompile Include="Company.cpp">
      <Filter>Company</Filter>
    </ClCompile>
    <ClCompile Include="Truck.cpp">
      <Filter>Company</Filter>
    </ClCompile>
    <ClCompile Include="CancellationEvent.cpp">
      <Filter>Events</Filter>
    </ClCompile>
    <ClCompile Include="Event.cpp">
      <Filter>Events</Filter>
    </ClCompile>
    <ClCompile Include="PromotionEvent.cpp">
      <Filter>Events</Filter>
    </ClCompile>
    <ClCompile Include="ReadyEvent.cpp">
      <Filter>Events</Filter>
    </ClCompile>
    <ClCompile Include="Time.cpp">
      <Filter>Utilities</Filter>
    </ClCompile>
    <ClCompile Include="UI.cpp">
      <Filter>Utilities</Filter>
    </ClCompile>
    <ClCompile Include="Main.cpp">
      <Filter>Source Files</Filter>
    </ClCompile>
  </ItemGroup>
</Project>